
Microsoft Visual Studio Solution File, Format Version 12.00
# Visual Studio Version 16
VisualStudioVersion = 16.0.30225.117
MinimumVisualStudioVersion = 10.0.40219.1
Project("{FAE04EC0-301F-11D3-BF4B-00C04F79EFBC}") = "Test5-sql", "Test5-sql\Test5-sql.csproj", "{D05707CA-D64B-4A9A-A689-FEF4FBB4064D}"
EndProject
Project("{FAE04EC0-301F-11D3-BF4B-00C04F79EFBC}") = "SQLTest.Data", "SQLTest.Data\SQLTest.Data.csproj", "{4DF996E1-A5E6-48C0-B9B3-D28A823AB41D}"
EndProject
Global
	GlobalSection(SolutionConfigurationPlatforms) = preSolution
		Debug|Any CPU = Debug|Any CPU
		Release|Any CPU = Release|Any CPU
	EndGlobalSection
	GlobalSection(ProjectConfigurationPlatforms) = postSolution
		{D05707CA-D64B-4A9A-A689-FEF4FBB4064D}.Debug|Any CPU.ActiveCfg = Debug|Any CPU
		{D05707CA-D64B-4A9A-A689-FEF4FBB4064D}.Debug|Any CPU.Build.0 = Debug|Any CPU
		{D05707CA-D64B-4A9A-A689-FEF4FBB4064D}.Release|Any CPU.ActiveCfg = Release|Any CPU
		{D05707CA-D64B-4A9A-A689-FEF4FBB4064D}.Release|Any CPU.Build.0 = Release|Any CPU
		{4DF996E1-A5E6-48C0-B9B3-D28A823AB41D}.Debug|Any CPU.ActiveCfg = Debug|Any CPU
		{4DF996E1-A5E6-48C0-B9B3-D28A823AB41D}.Debug|Any CPU.Build.0 = Debug|Any CPU
		{4DF996E1-A5E6-48C0-B9B3-D28A823AB41D}.Release|Any CPU.ActiveCfg = Release|Any CPU
		{4DF996E1-A5E6-48C0-B9B3-D28A823AB41D}.Release|Any CPU.Build.0 = Release|Any CPU
	EndGlobalSection
	GlobalSection(SolutionProperties) = preSolution
		HideSolutionNode = FALSE
	EndGlobalSection
	GlobalSection(ExtensibilityGlobals) = postSolution
		SolutionGuid = {BCAC6ED6-F270-47AE-86A3-739AC14B50CC}
	EndGlobalSection
EndGlobal
