
Microsoft Visual Studio Solution File, Format Version 12.00
# Visual Studio Version 16
VisualStudioVersion = 16.0.30225.117
MinimumVisualStudioVersion = 10.0.40219.1
Project("{FAE04EC0-301F-11D3-BF4B-00C04F79EFBC}") = "EchoBot", "EchoBot\EchoBot.csproj", "{A3F9063E-2F43-45AE-B1B0-0A0FB62E44FC}"
EndProject
Global
	GlobalSection(SolutionConfigurationPlatforms) = preSolution
		Debug|Any CPU = Debug|Any CPU
		Release|Any CPU = Release|Any CPU
	EndGlobalSection
	GlobalSection(ProjectConfigurationPlatforms) = postSolution
		{A3F9063E-2F43-45AE-B1B0-0A0FB62E44FC}.Debug|Any CPU.ActiveCfg = Debug|Any CPU
		{A3F9063E-2F43-45AE-B1B0-0A0FB62E44FC}.Debug|Any CPU.Build.0 = Debug|Any CPU
		{A3F9063E-2F43-45AE-B1B0-0A0FB62E44FC}.Release|Any CPU.ActiveCfg = Release|Any CPU
		{A3F9063E-2F43-45AE-B1B0-0A0FB62E44FC}.Release|Any CPU.Build.0 = Release|Any CPU
	EndGlobalSection
	GlobalSection(SolutionProperties) = preSolution
		HideSolutionNode = FALSE
	EndGlobalSection
	GlobalSection(ExtensibilityGlobals) = postSolution
		SolutionGuid = {5B1B863B-A01B-4CD1-B9B1-01C08272E0AD}
	EndGlobalSection
EndGlobal
